
Microsoft Visual Studio Solution File, Format Version 11.00
# Visual Studio 2010
Project("{FAE04EC0-301F-11D3-BF4B-00C04F79EFBC}") = "Assembly-CSharp", "Assembly-CSharp.csproj", "{7E45D15E-388B-23ED-D9D6-730455A06A5F}"
EndProject
Project("{FAE04EC0-301F-11D3-BF4B-00C04F79EFBC}") = "Assembly-CSharp-Editor", "Assembly-CSharp-Editor.csproj", "{2DA5E2F0-FED0-C984-B2AA-70F5ED05AD60}"
EndProject
Global
	GlobalSection(SolutionConfigurationPlatforms) = preSolution
		Debug|Any CPU = Debug|Any CPU
		Release|Any CPU = Release|Any CPU
	EndGlobalSection
	GlobalSection(ProjectConfigurationPlatforms) = postSolution
		{7E45D15E-388B-23ED-D9D6-730455A06A5F}.Debug|Any CPU.ActiveCfg = Debug|Any CPU
		{7E45D15E-388B-23ED-D9D6-730455A06A5F}.Debug|Any CPU.Build.0 = Debug|Any CPU
		{7E45D15E-388B-23ED-D9D6-730455A06A5F}.Release|Any CPU.ActiveCfg = Release|Any CPU
		{7E45D15E-388B-23ED-D9D6-730455A06A5F}.Release|Any CPU.Build.0 = Release|Any CPU
		{2DA5E2F0-FED0-C984-B2AA-70F5ED05AD60}.Debug|Any CPU.ActiveCfg = Debug|Any CPU
		{2DA5E2F0-FED0-C984-B2AA-70F5ED05AD60}.Debug|Any CPU.Build.0 = Debug|Any CPU
		{2DA5E2F0-FED0-C984-B2AA-70F5ED05AD60}.Release|Any CPU.ActiveCfg = Release|Any CPU
		{2DA5E2F0-FED0-C984-B2AA-70F5ED05AD60}.Release|Any CPU.Build.0 = Release|Any CPU
	EndGlobalSection
	GlobalSection(SolutionProperties) = preSolution
		HideSolutionNode = FALSE
	EndGlobalSection
	GlobalSection(MonoDevelopProperties) = preSolution
		StartupItem = Assembly-CSharp.csproj
	EndGlobalSection
EndGlobal
